
Microsoft Visual Studio Solution File, Format Version 12.00
# Visual Studio 14
VisualStudioVersion = 14.0.25420.1
MinimumVisualStudioVersion = 10.0.40219.1
Project("{FAE04EC0-301F-11D3-BF4B-00C04F79EFBC}") = "File in File Hider", "File in File Hider\File in File Hider.csproj", "{9A24DAA4-EA90-49F9-8F95-07E2CA8D8D2F}"
EndProject
Project("{54435603-DBB4-11D2-8724-00A0C9A8B90C}") = "File in File Hider Setup", "File in File Hider Setup\File in File Hider Setup.vdproj", "{0477E115-39DC-4397-BA7C-5351EBE30E7C}"
EndProject
Global
	GlobalSection(SolutionConfigurationPlatforms) = preSolution
		Debug|Any CPU = Debug|Any CPU
		Release|Any CPU = Release|Any CPU
	EndGlobalSection
	GlobalSection(ProjectConfigurationPlatforms) = postSolution
		{9A24DAA4-EA90-49F9-8F95-07E2CA8D8D2F}.Debug|Any CPU.ActiveCfg = Debug|Any CPU
		{9A24DAA4-EA90-49F9-8F95-07E2CA8D8D2F}.Debug|Any CPU.Build.0 = Debug|Any CPU
		{9A24DAA4-EA90-49F9-8F95-07E2CA8D8D2F}.Release|Any CPU.ActiveCfg = Release|Any CPU
		{9A24DAA4-EA90-49F9-8F95-07E2CA8D8D2F}.Release|Any CPU.Build.0 = Release|Any CPU
		{0477E115-39DC-4397-BA7C-5351EBE30E7C}.Debug|Any CPU.ActiveCfg = Debug
		{0477E115-39DC-4397-BA7C-5351EBE30E7C}.Release|Any CPU.ActiveCfg = Release
	EndGlobalSection
	GlobalSection(SolutionProperties) = preSolution
		HideSolutionNode = FALSE
	EndGlobalSection
EndGlobal
